
Microsoft Visual Studio Solution File, Format Version 12.00
# Visual Studio Version 17
VisualStudioVersion = 17.0.31903.59
MinimumVisualStudioVersion = 10.0.40219.1
Project("{2150E333-8FDC-42A3-9474-1A3956D46DE8}") = "src", "src", "{827E0CD3-B72D-47B6-A68D-7590B98EB39B}"
EndProject
Project("{2150E333-8FDC-42A3-9474-1A3956D46DE8}") = "BuildingBlocks", "BuildingBlocks", "{90298CBA-BD6F-3A0A-69D5-97CAD7B05E7E}"
EndProject
Project("{FAE04EC0-301F-11D3-BF4B-00C04F79EFBC}") = "Base.Domain", "src\BuildingBlocks\Base.Domain\Base.Domain.csproj", "{6CF8DF8C-921B-4812-881B-2FEF3CBC9DDA}"
EndProject
Project("{FAE04EC0-301F-11D3-BF4B-00C04F79EFBC}") = "Base.Application", "src\BuildingBlocks\Base.Application\Base.Application.csproj", "{918E8C0F-B80B-4ACD-AA81-9147D95F267B}"
EndProject
Project("{FAE04EC0-301F-11D3-BF4B-00C04F79EFBC}") = "Base.Infrastructure", "src\BuildingBlocks\Base.Infrastructure\Base.Infrastructure.csproj", "{E77EE572-2429-4823-957F-9C73AB9DB2BE}"
EndProject
Project("{FAE04EC0-301F-11D3-BF4B-00C04F79EFBC}") = "ApiHost", "src\ApiHost\ApiHost.csproj", "{697FC532-C4BE-4E69-93BA-41DB5BE665E2}"
EndProject
Project("{2150E333-8FDC-42A3-9474-1A3956D46DE8}") = "tests", "tests", "{0AB3BF05-4346-4AA6-1389-037BE0695223}"
EndProject
Project("{2150E333-8FDC-42A3-9474-1A3956D46DE8}") = "BuildingBlocks", "BuildingBlocks", "{AD3136F1-6676-2AF3-8A96-F3C6585F1CB9}"
EndProject
Project("{FAE04EC0-301F-11D3-BF4B-00C04F79EFBC}") = "Base.Domain.Tests", "tests\BuildingBlocks\Base.Domain.Tests\Base.Domain.Tests.csproj", "{102302BA-2C66-4C87-981D-9734485C4E62}"
EndProject
Project("{FAE04EC0-301F-11D3-BF4B-00C04F79EFBC}") = "Base.Application.Tests", "tests\BuildingBlocks\Base.Application.Tests\Base.Application.Tests.csproj", "{ACC396DB-ECC4-412D-A868-6EA4E8BD7848}"
EndProject
Project("{FAE04EC0-301F-11D3-BF4B-00C04F79EFBC}") = "SystemTests", "tests\SystemTests\SystemTests.csproj", "{7AA93F46-A45D-4B59-B7B9-B6D73F585775}"
EndProject
Global
	GlobalSection(SolutionConfigurationPlatforms) = preSolution
		Debug|Any CPU = Debug|Any CPU
		Debug|x64 = Debug|x64
		Debug|x86 = Debug|x86
		Release|Any CPU = Release|Any CPU
		Release|x64 = Release|x64
		Release|x86 = Release|x86
	EndGlobalSection
	GlobalSection(ProjectConfigurationPlatforms) = postSolution
		{6CF8DF8C-921B-4812-881B-2FEF3CBC9DDA}.Debug|Any CPU.ActiveCfg = Debug|Any CPU
		{6CF8DF8C-921B-4812-881B-2FEF3CBC9DDA}.Debug|Any CPU.Build.0 = Debug|Any CPU
		{6CF8DF8C-921B-4812-881B-2FEF3CBC9DDA}.Debug|x64.ActiveCfg = Debug|Any CPU
		{6CF8DF8C-921B-4812-881B-2FEF3CBC9DDA}.Debug|x64.Build.0 = Debug|Any CPU
		{6CF8DF8C-921B-4812-881B-2FEF3CBC9DDA}.Debug|x86.ActiveCfg = Debug|Any CPU
		{6CF8DF8C-921B-4812-881B-2FEF3CBC9DDA}.Debug|x86.Build.0 = Debug|Any CPU
		{6CF8DF8C-921B-4812-881B-2FEF3CBC9DDA}.Release|Any CPU.ActiveCfg = Release|Any CPU
		{6CF8DF8C-921B-4812-881B-2FEF3CBC9DDA}.Release|Any CPU.Build.0 = Release|Any CPU
		{6CF8DF8C-921B-4812-881B-2FEF3CBC9DDA}.Release|x64.ActiveCfg = Release|Any CPU
		{6CF8DF8C-921B-4812-881B-2FEF3CBC9DDA}.Release|x64.Build.0 = Release|Any CPU
		{6CF8DF8C-921B-4812-881B-2FEF3CBC9DDA}.Release|x86.ActiveCfg = Release|Any CPU
		{6CF8DF8C-921B-4812-881B-2FEF3CBC9DDA}.Release|x86.Build.0 = Release|Any CPU
		{918E8C0F-B80B-4ACD-AA81-9147D95F267B}.Debug|Any CPU.ActiveCfg = Debug|Any CPU
		{918E8C0F-B80B-4ACD-AA81-9147D95F267B}.Debug|Any CPU.Build.0 = Debug|Any CPU
		{918E8C0F-B80B-4ACD-AA81-9147D95F267B}.Debug|x64.ActiveCfg = Debug|Any CPU
		{918E8C0F-B80B-4ACD-AA81-9147D95F267B}.Debug|x64.Build.0 = Debug|Any CPU
		{918E8C0F-B80B-4ACD-AA81-9147D95F267B}.Debug|x86.ActiveCfg = Debug|Any CPU
		{918E8C0F-B80B-4ACD-AA81-9147D95F267B}.Debug|x86.Build.0 = Debug|Any CPU
		{918E8C0F-B80B-4ACD-AA81-9147D95F267B}.Release|Any CPU.ActiveCfg = Release|Any CPU
		{918E8C0F-B80B-4ACD-AA81-9147D95F267B}.Release|Any CPU.Build.0 = Release|Any CPU
		{918E8C0F-B80B-4ACD-AA81-9147D95F267B}.Release|x64.ActiveCfg = Release|Any CPU
		{918E8C0F-B80B-4ACD-AA81-9147D95F267B}.Release|x64.Build.0 = Release|Any CPU
		{918E8C0F-B80B-4ACD-AA81-9147D95F267B}.Release|x86.ActiveCfg = Release|Any CPU
		{918E8C0F-B80B-4ACD-AA81-9147D95F267B}.Release|x86.Build.0 = Release|Any CPU
		{E77EE572-2429-4823-957F-9C73AB9DB2BE}.Debug|Any CPU.ActiveCfg = Debug|Any CPU
		{E77EE572-2429-4823-957F-9C73AB9DB2BE}.Debug|Any CPU.Build.0 = Debug|Any CPU
		{E77EE572-2429-4823-957F-9C73AB9DB2BE}.Debug|x64.ActiveCfg = Debug|Any CPU
		{E77EE572-2429-4823-957F-9C73AB9DB2BE}.Debug|x64.Build.0 = Debug|Any CPU
		{E77EE572-2429-4823-957F-9C73AB9DB2BE}.Debug|x86.ActiveCfg = Debug|Any CPU
		{E77EE572-2429-4823-957F-9C73AB9DB2BE}.Debug|x86.Build.0 = Debug|Any CPU
		{E77EE572-2429-4823-957F-9C73AB9DB2BE}.Release|Any CPU.ActiveCfg = Release|Any CPU
		{E77EE572-2429-4823-957F-9C73AB9DB2BE}.Release|Any CPU.Build.0 = Release|Any CPU
		{E77EE572-2429-4823-957F-9C73AB9DB2BE}.Release|x64.ActiveCfg = Release|Any CPU
		{E77EE572-2429-4823-957F-9C73AB9DB2BE}.Release|x64.Build.0 = Release|Any CPU
		{E77EE572-2429-4823-957F-9C73AB9DB2BE}.Release|x86.ActiveCfg = Release|Any CPU
		{E77EE572-2429-4823-957F-9C73AB9DB2BE}.Release|x86.Build.0 = Release|Any CPU
		{697FC532-C4BE-4E69-93BA-41DB5BE665E2}.Debug|Any CPU.ActiveCfg = Debug|Any CPU
		{697FC532-C4BE-4E69-93BA-41DB5BE665E2}.Debug|Any CPU.Build.0 = Debug|Any CPU
		{697FC532-C4BE-4E69-93BA-41DB5BE665E2}.Debug|x64.ActiveCfg = Debug|Any CPU
		{697FC532-C4BE-4E69-93BA-41DB5BE665E2}.Debug|x64.Build.0 = Debug|Any CPU
		{697FC532-C4BE-4E69-93BA-41DB5BE665E2}.Debug|x86.ActiveCfg = Debug|Any CPU
		{697FC532-C4BE-4E69-93BA-41DB5BE665E2}.Debug|x86.Build.0 = Debug|Any CPU
		{697FC532-C4BE-4E69-93BA-41DB5BE665E2}.Release|Any CPU.ActiveCfg = Release|Any CPU
		{697FC532-C4BE-4E69-93BA-41DB5BE665E2}.Release|Any CPU.Build.0 = Release|Any CPU
		{697FC532-C4BE-4E69-93BA-41DB5BE665E2}.Release|x64.ActiveCfg = Release|Any CPU
		{697FC532-C4BE-4E69-93BA-41DB5BE665E2}.Release|x64.Build.0 = Release|Any CPU
		{697FC532-C4BE-4E69-93BA-41DB5BE665E2}.Release|x86.ActiveCfg = Release|Any CPU
		{697FC532-C4BE-4E69-93BA-41DB5BE665E2}.Release|x86.Build.0 = Release|Any CPU
		{102302BA-2C66-4C87-981D-9734485C4E62}.Debug|Any CPU.ActiveCfg = Debug|Any CPU
		{102302BA-2C66-4C87-981D-9734485C4E62}.Debug|Any CPU.Build.0 = Debug|Any CPU
		{102302BA-2C66-4C87-981D-9734485C4E62}.Debug|x64.ActiveCfg = Debug|Any CPU
		{102302BA-2C66-4C87-981D-9734485C4E62}.Debug|x64.Build.0 = Debug|Any CPU
		{102302BA-2C66-4C87-981D-9734485C4E62}.Debug|x86.ActiveCfg = Debug|Any CPU
		{102302BA-2C66-4C87-981D-9734485C4E62}.Debug|x86.Build.0 = Debug|Any CPU
		{102302BA-2C66-4C87-981D-9734485C4E62}.Release|Any CPU.ActiveCfg = Release|Any CPU
		{102302BA-2C66-4C87-981D-9734485C4E62}.Release|Any CPU.Build.0 = Release|Any CPU
		{102302BA-2C66-4C87-981D-9734485C4E62}.Release|x64.ActiveCfg = Release|Any CPU
		{102302BA-2C66-4C87-981D-9734485C4E62}.Release|x64.Build.0 = Release|Any CPU
		{102302BA-2C66-4C87-981D-9734485C4E62}.Release|x86.ActiveCfg = Release|Any CPU
		{102302BA-2C66-4C87-981D-9734485C4E62}.Release|x86.Build.0 = Release|Any CPU
		{ACC396DB-ECC4-412D-A868-6EA4E8BD7848}.Debug|Any CPU.ActiveCfg = Debug|Any CPU
		{ACC396DB-ECC4-412D-A868-6EA4E8BD7848}.Debug|Any CPU.Build.0 = Debug|Any CPU
		{ACC396DB-ECC4-412D-A868-6EA4E8BD7848}.Debug|x64.ActiveCfg = Debug|Any CPU
		{ACC396DB-ECC4-412D-A868-6EA4E8BD7848}.Debug|x64.Build.0 = Debug|Any CPU
		{ACC396DB-ECC4-412D-A868-6EA4E8BD7848}.Debug|x86.ActiveCfg = Debug|Any CPU
		{ACC396DB-ECC4-412D-A868-6EA4E8BD7848}.Debug|x86.Build.0 = Debug|Any CPU
		{ACC396DB-ECC4-412D-A868-6EA4E8BD7848}.Release|Any CPU.ActiveCfg = Release|Any CPU
		{ACC396DB-ECC4-412D-A868-6EA4E8BD7848}.Release|Any CPU.Build.0 = Release|Any CPU
		{ACC396DB-ECC4-412D-A868-6EA4E8BD7848}.Release|x64.ActiveCfg = Release|Any CPU
		{ACC396DB-ECC4-412D-A868-6EA4E8BD7848}.Release|x64.Build.0 = Release|Any CPU
		{ACC396DB-ECC4-412D-A868-6EA4E8BD7848}.Release|x86.ActiveCfg = Release|Any CPU
		{ACC396DB-ECC4-412D-A868-6EA4E8BD7848}.Release|x86.Build.0 = Release|Any CPU
		{7AA93F46-A45D-4B59-B7B9-B6D73F585775}.Debug|Any CPU.ActiveCfg = Debug|Any CPU
		{7AA93F46-A45D-4B59-B7B9-B6D73F585775}.Debug|Any CPU.Build.0 = Debug|Any CPU
		{7AA93F46-A45D-4B59-B7B9-B6D73F585775}.Debug|x64.ActiveCfg = Debug|Any CPU
		{7AA93F46-A45D-4B59-B7B9-B6D73F585775}.Debug|x64.Build.0 = Debug|Any CPU
		{7AA93F46-A45D-4B59-B7B9-B6D73F585775}.Debug|x86.ActiveCfg = Debug|Any CPU
		{7AA93F46-A45D-4B59-B7B9-B6D73F585775}.Debug|x86.Build.0 = Debug|Any CPU
		{7AA93F46-A45D-4B59-B7B9-B6D73F585775}.Release|Any CPU.ActiveCfg = Release|Any CPU
		{7AA93F46-A45D-4B59-B7B9-B6D73F585775}.Release|Any CPU.Build.0 = Release|Any CPU
		{7AA93F46-A45D-4B59-B7B9-B6D73F585775}.Release|x64.ActiveCfg = Release|Any CPU
		{7AA93F46-A45D-4B59-B7B9-B6D73F585775}.Release|x64.Build.0 = Release|Any CPU
		{7AA93F46-A45D-4B59-B7B9-B6D73F585775}.Release|x86.ActiveCfg = Release|Any CPU
		{7AA93F46-A45D-4B59-B7B9-B6D73F585775}.Release|x86.Build.0 = Release|Any CPU
	EndGlobalSection
	GlobalSection(SolutionProperties) = preSolution
		HideSolutionNode = FALSE
	EndGlobalSection
	GlobalSection(NestedProjects) = preSolution
		{90298CBA-BD6F-3A0A-69D5-97CAD7B05E7E} = {827E0CD3-B72D-47B6-A68D-7590B98EB39B}
		{6CF8DF8C-921B-4812-881B-2FEF3CBC9DDA} = {90298CBA-BD6F-3A0A-69D5-97CAD7B05E7E}
		{918E8C0F-B80B-4ACD-AA81-9147D95F267B} = {90298CBA-BD6F-3A0A-69D5-97CAD7B05E7E}
		{E77EE572-2429-4823-957F-9C73AB9DB2BE} = {90298CBA-BD6F-3A0A-69D5-97CAD7B05E7E}
		{697FC532-C4BE-4E69-93BA-41DB5BE665E2} = {827E0CD3-B72D-47B6-A68D-7590B98EB39B}
		{AD3136F1-6676-2AF3-8A96-F3C6585F1CB9} = {0AB3BF05-4346-4AA6-1389-037BE0695223}
		{102302BA-2C66-4C87-981D-9734485C4E62} = {AD3136F1-6676-2AF3-8A96-F3C6585F1CB9}
		{ACC396DB-ECC4-412D-A868-6EA4E8BD7848} = {AD3136F1-6676-2AF3-8A96-F3C6585F1CB9}
		{7AA93F46-A45D-4B59-B7B9-B6D73F585775} = {0AB3BF05-4346-4AA6-1389-037BE0695223}
	EndGlobalSection
EndGlobal
